// !$*UTF8*$!
{
	archiveVersion = 1;
	classes = {
	};
	objectVersion = 55;
	objects = {

/* Begin PBXFileReference section */
		FC91B79528AC2789007D7DF6 /* resources */ = {isa = PBXFileReference; lastKnownFileType = folder; path = resources; sourceTree = "<group>"; };
		FC91B79628AC2789007D7DF6 /* branding */ = {isa = PBXFileReference; lastKnownFileType = folder; path = branding; sourceTree = "<group>"; };
		FC91B79728AC2789007D7DF6 /* CMakeLists.txt */ = {isa = PBXFileReference; lastKnownFileType = text; path = CMakeLists.txt; sourceTree = "<group>"; };
		FC91B79828AC2789007D7DF6 /* tests */ = {isa = PBXFileReference; lastKnownFileType = folder; path = tests; sourceTree = "<group>"; };
		FC91B79928AC2789007D7DF6 /* editor */ = {isa = PBXFileReference; lastKnownFileType = folder; path = editor; sourceTree = "<group>"; };
		FC91B79A28AC2789007D7DF6 /* bundle_resources */ = {isa = PBXFileReference; lastKnownFileType = folder; path = bundle_resources; sourceTree = "<group>"; };
		FC91B79B28AC2789007D7DF6 /* cmake_configure_macos.sh */ = {isa = PBXFileReference; lastKnownFileType = text.script.sh; path = cmake_configure_macos.sh; sourceTree = "<group>"; };
		FC91B79C28AC2789007D7DF6 /* engine */ = {isa = PBXFileReference; lastKnownFileType = folder; path = engine; sourceTree = "<group>"; };
/* End PBXFileReference section */

/* Begin PBXGroup section */
		FC91A6BB28AC2587007D7DF6 = {
			isa = PBXGroup;
			children = (
				FC91B79628AC2789007D7DF6 /* branding */,
				FC91B79A28AC2789007D7DF6 /* bundle_resources */,
				FC91B79B28AC2789007D7DF6 /* cmake_configure_macos.sh */,
				FC91B79728AC2789007D7DF6 /* CMakeLists.txt */,
				FC91B79928AC2789007D7DF6 /* editor */,
				FC91B79C28AC2789007D7DF6 /* engine */,
				FC91B79528AC2789007D7DF6 /* resources */,
				FC91B79828AC2789007D7DF6 /* tests */,
			);
			sourceTree = "<group>";
		};
/* End PBXGroup section */

/* Begin PBXProject section */
		FC91A6BC28AC2587007D7DF6 /* Project object */ = {
			isa = PBXProject;
			attributes = {
				BuildIndependentTargetsInParallel = 1;
				LastUpgradeCheck = 1310;
			};
			buildConfigurationList = FC91A6BF28AC2587007D7DF6 /* Build configuration list for PBXProject "ChiraEngine" */;
			compatibilityVersion = "Xcode 13.0";
			developmentRegion = en;
			hasScannedForEncodings = 0;
			knownRegions = (
				en,
				Base,
			);
			mainGroup = FC91A6BB28AC2587007D7DF6;
			projectDirPath = "";
			projectRoot = "";
			targets = (
			);
		};
/* End PBXProject section */

/* Begin XCBuildConfiguration section */
		FC91A6C028AC2587007D7DF6 /* Debug */ = {
			isa = XCBuildConfiguration;
			buildSettings = {
			};
			name = Debug;
		};
		FC91A6C128AC2587007D7DF6 /* Release */ = {
			isa = XCBuildConfiguration;
			buildSettings = {
			};
			name = Release;
		};
/* End XCBuildConfiguration section */

/* Begin XCConfigurationList section */
		FC91A6BF28AC2587007D7DF6 /* Build configuration list for PBXProject "ChiraEngine" */ = {
			isa = XCConfigurationList;
			buildConfigurations = (
				FC91A6C028AC2587007D7DF6 /* Debug */,
				FC91A6C128AC2587007D7DF6 /* Release */,
			);
			defaultConfigurationIsVisible = 0;
			defaultConfigurationName = Release;
		};
/* End XCConfigurationList section */
	};
	rootObject = FC91A6BC28AC2587007D7DF6 /* Project object */;
}
